// !$*UTF8*$!
{
	archiveVersion = 1;
	classes = {
	};
	objectVersion = 50;
	objects = {

/* Begin PBXBuildFile section */
		DE002B6125CA872400F7921A /* MedicalTabView.swift in Sources */ = {isa = PBXBuildFile; fileRef = DE002B6025CA872400F7921A /* MedicalTabView.swift */; };
		DE8640C525CA35BD00334DDF /* TestSwiftUIApp.swift in Sources */ = {isa = PBXBuildFile; fileRef = DE8640C425CA35BD00334DDF /* TestSwiftUIApp.swift */; };
		DE8640C925CA35BD00334DDF /* Assets.xcassets in Resources */ = {isa = PBXBuildFile; fileRef = DE8640C825CA35BD00334DDF /* Assets.xcassets */; };
		DE8640CC25CA35BD00334DDF /* Preview Assets.xcassets in Resources */ = {isa = PBXBuildFile; fileRef = DE8640CB25CA35BD00334DDF /* Preview Assets.xcassets */; };
		DE8640D725CA35BE00334DDF /* TestSwiftUITests.swift in Sources */ = {isa = PBXBuildFile; fileRef = DE8640D625CA35BE00334DDF /* TestSwiftUITests.swift */; };
		DE8640E225CA35BE00334DDF /* TestSwiftUIUITests.swift in Sources */ = {isa = PBXBuildFile; fileRef = DE8640E125CA35BE00334DDF /* TestSwiftUIUITests.swift */; };
		DE8640F725CA35DA00334DDF /* MainView.swift in Sources */ = {isa = PBXBuildFile; fileRef = DE8640F625CA35DA00334DDF /* MainView.swift */; };
		DE8640FF25CA35F100334DDF /* HeaderMainView.swift in Sources */ = {isa = PBXBuildFile; fileRef = DE8640FE25CA35F100334DDF /* HeaderMainView.swift */; };
		DE86411325CA48B800334DDF /* MainCardView.swift in Sources */ = {isa = PBXBuildFile; fileRef = DE86411225CA48B800334DDF /* MainCardView.swift */; };
		DE8EDCCC25CA6BBE0030D3DD /* MainCardWithoutImageView.swift in Sources */ = {isa = PBXBuildFile; fileRef = DE8EDCCB25CA6BBE0030D3DD /* MainCardWithoutImageView.swift */; };
		DEBCC37B25CA74B500691BCD /* DetailView.swift in Sources */ = {isa = PBXBuildFile; fileRef = DEBCC37A25CA74B500691BCD /* DetailView.swift */; };
		DEBE353E25CA573C0095ED12 /* Tab.swift in Sources */ = {isa = PBXBuildFile; fileRef = DEBE353D25CA573C0095ED12 /* Tab.swift */; };
		DEBE354325CA58E10095ED12 /* Card.swift in Sources */ = {isa = PBXBuildFile; fileRef = DEBE354225CA58E10095ED12 /* Card.swift */; };
		DEBFCD7A25CACA3A00DA2D8C /* ScheduleView.swift in Sources */ = {isa = PBXBuildFile; fileRef = DEBFCD7925CACA3A00DA2D8C /* ScheduleView.swift */; };
/* End PBXBuildFile section */

/* Begin PBXContainerItemProxy section */
		DE8640D325CA35BE00334DDF /* PBXContainerItemProxy */ = {
			isa = PBXContainerItemProxy;
			containerPortal = DE8640B925CA35BD00334DDF /* Project object */;
			proxyType = 1;
			remoteGlobalIDString = DE8640C025CA35BD00334DDF;
			remoteInfo = TestSwiftUI;
		};
		DE8640DE25CA35BE00334DDF /* PBXContainerItemProxy */ = {
			isa = PBXContainerItemProxy;
			containerPortal = DE8640B925CA35BD00334DDF /* Project object */;
			proxyType = 1;
			remoteGlobalIDString = DE8640C025CA35BD00334DDF;
			remoteInfo = TestSwiftUI;
		};
/* End PBXContainerItemProxy section */

/* Begin PBXFileReference section */
		DE002B6025CA872400F7921A /* MedicalTabView.swift */ = {isa = PBXFileReference; lastKnownFileType = sourcecode.swift; path = MedicalTabView.swift; sourceTree = "<group>"; };
		DE8640C125CA35BD00334DDF /* TestSwiftUI.app */ = {isa = PBXFileReference; explicitFileType = wrapper.application; includeInIndex = 0; path = TestSwiftUI.app; sourceTree = BUILT_PRODUCTS_DIR; };
		DE8640C425CA35BD00334DDF /* TestSwiftUIApp.swift */ = {isa = PBXFileReference; lastKnownFileType = sourcecode.swift; path = TestSwiftUIApp.swift; sourceTree = "<group>"; };
		DE8640C825CA35BD00334DDF /* Assets.xcassets */ = {isa = PBXFileReference; lastKnownFileType = folder.assetcatalog; path = Assets.xcassets; sourceTree = "<group>"; };
		DE8640CB25CA35BD00334DDF /* Preview Assets.xcassets */ = {isa = PBXFileReference; lastKnownFileType = folder.assetcatalog; path = "Preview Assets.xcassets"; sourceTree = "<group>"; };
		DE8640CD25CA35BD00334DDF /* Info.plist */ = {isa = PBXFileReference; lastKnownFileType = text.plist.xml; path = Info.plist; sourceTree = "<group>"; };
		DE8640D225CA35BE00334DDF /* TestSwiftUITests.xctest */ = {isa = PBXFileReference; explicitFileType = wrapper.cfbundle; includeInIndex = 0; path = TestSwiftUITests.xctest; sourceTree = BUILT_PRODUCTS_DIR; };
		DE8640D625CA35BE00334DDF /* TestSwiftUITests.swift */ = {isa = PBXFileReference; lastKnownFileType = sourcecode.swift; path = TestSwiftUITests.swift; sourceTree = "<group>"; };
		DE8640D825CA35BE00334DDF /* Info.plist */ = {isa = PBXFileReference; lastKnownFileType = text.plist.xml; path = Info.plist; sourceTree = "<group>"; };
		DE8640DD25CA35BE00334DDF /* TestSwiftUIUITests.xctest */ = {isa = PBXFileReference; explicitFileType = wrapper.cfbundle; includeInIndex = 0; path = TestSwiftUIUITests.xctest; sourceTree = BUILT_PRODUCTS_DIR; };
		DE8640E125CA35BE00334DDF /* TestSwiftUIUITests.swift */ = {isa = PBXFileReference; lastKnownFileType = sourcecode.swift; path = TestSwiftUIUITests.swift; sourceTree = "<group>"; };
		DE8640E325CA35BE00334DDF /* Info.plist */ = {isa = PBXFileReference; lastKnownFileType = text.plist.xml; path = Info.plist; sourceTree = "<group>"; };
		DE8640F625CA35DA00334DDF /* MainView.swift */ = {isa = PBXFileReference; lastKnownFileType = sourcecode.swift; path = MainView.swift; sourceTree = "<group>"; };
		DE8640FE25CA35F100334DDF /* HeaderMainView.swift */ = {isa = PBXFileReference; lastKnownFileType = sourcecode.swift; path = HeaderMainView.swift; sourceTree = "<group>"; };
		DE86411225CA48B800334DDF /* MainCardView.swift */ = {isa = PBXFileReference; lastKnownFileType = sourcecode.swift; path = MainCardView.swift; sourceTree = "<group>"; };
		DE8EDCCB25CA6BBE0030D3DD /* MainCardWithoutImageView.swift */ = {isa = PBXFileReference; lastKnownFileType = sourcecode.swift; path = MainCardWithoutImageView.swift; sourceTree = "<group>"; };
		DEBCC37A25CA74B500691BCD /* DetailView.swift */ = {isa = PBXFileReference; lastKnownFileType = sourcecode.swift; path = DetailView.swift; sourceTree = "<group>"; };
		DEBE353D25CA573C0095ED12 /* Tab.swift */ = {isa = PBXFileReference; lastKnownFileType = sourcecode.swift; path = Tab.swift; sourceTree = "<group>"; };
		DEBE354225CA58E10095ED12 /* Card.swift */ = {isa = PBXFileReference; lastKnownFileType = sourcecode.swift; path = Card.swift; sourceTree = "<group>"; };
		DEBFCD7925CACA3A00DA2D8C /* ScheduleView.swift */ = {isa = PBXFileReference; lastKnownFileType = sourcecode.swift; path = ScheduleView.swift; sourceTree = "<group>"; };
/* End PBXFileReference section */

/* Begin PBXFrameworksBuildPhase section */
		DE8640BE25CA35BD00334DDF /* Frameworks */ = {
			isa = PBXFrameworksBuildPhase;
			buildActionMask = 2147483647;
			files = (
			);
			runOnlyForDeploymentPostprocessing = 0;
		};
		DE8640CF25CA35BE00334DDF /* Frameworks */ = {
			isa = PBXFrameworksBuildPhase;
			buildActionMask = 2147483647;
			files = (
			);
			runOnlyForDeploymentPostprocessing = 0;
		};
		DE8640DA25CA35BE00334DDF /* Frameworks */ = {
			isa = PBXFrameworksBuildPhase;
			buildActionMask = 2147483647;
			files = (
			);
			runOnlyForDeploymentPostprocessing = 0;
		};
/* End PBXFrameworksBuildPhase section */

/* Begin PBXGroup section */
		DE8640B825CA35BD00334DDF = {
			isa = PBXGroup;
			children = (
				DE8640C325CA35BD00334DDF /* TestSwiftUI */,
				DE8640D525CA35BE00334DDF /* TestSwiftUITests */,
				DE8640E025CA35BE00334DDF /* TestSwiftUIUITests */,
				DE8640C225CA35BD00334DDF /* Products */,
			);
			sourceTree = "<group>";
		};
		DE8640C225CA35BD00334DDF /* Products */ = {
			isa = PBXGroup;
			children = (
				DE8640C125CA35BD00334DDF /* TestSwiftUI.app */,
				DE8640D225CA35BE00334DDF /* TestSwiftUITests.xctest */,
				DE8640DD25CA35BE00334DDF /* TestSwiftUIUITests.xctest */,
			);
			name = Products;
			sourceTree = "<group>";
		};
		DE8640C325CA35BD00334DDF /* TestSwiftUI */ = {
			isa = PBXGroup;
			children = (
				DE8640F225CA35CD00334DDF /* App */,
				DE8640C825CA35BD00334DDF /* Assets.xcassets */,
				DE8640CD25CA35BD00334DDF /* Info.plist */,
				DE8640CA25CA35BD00334DDF /* Preview Content */,
			);
			path = TestSwiftUI;
			sourceTree = "<group>";
		};
		DE8640CA25CA35BD00334DDF /* Preview Content */ = {
			isa = PBXGroup;
			children = (
				DE8640CB25CA35BD00334DDF /* Preview Assets.xcassets */,
			);
			path = "Preview Content";
			sourceTree = "<group>";
		};
		DE8640D525CA35BE00334DDF /* TestSwiftUITests */ = {
			isa = PBXGroup;
			children = (
				DE8640D625CA35BE00334DDF /* TestSwiftUITests.swift */,
				DE8640D825CA35BE00334DDF /* Info.plist */,
			);
			path = TestSwiftUITests;
			sourceTree = "<group>";
		};
		DE8640E025CA35BE00334DDF /* TestSwiftUIUITests */ = {
			isa = PBXGroup;
			children = (
				DE8640E125CA35BE00334DDF /* TestSwiftUIUITests.swift */,
				DE8640E325CA35BE00334DDF /* Info.plist */,
			);
			path = TestSwiftUIUITests;
			sourceTree = "<group>";
		};
		DE8640F225CA35CD00334DDF /* App */ = {
			isa = PBXGroup;
			children = (
				DE8640C425CA35BD00334DDF /* TestSwiftUIApp.swift */,
				DE8640F625CA35DA00334DDF /* MainView.swift */,
				DEBCC37A25CA74B500691BCD /* DetailView.swift */,
				DE86410325CA35F600334DDF /* View */,
				DEBE353C25CA572C0095ED12 /* Model */,
			);
			path = App;
			sourceTree = "<group>";
		};
		DE86410325CA35F600334DDF /* View */ = {
			isa = PBXGroup;
			children = (
				DE8640FE25CA35F100334DDF /* HeaderMainView.swift */,
				DE86411225CA48B800334DDF /* MainCardView.swift */,
				DE8EDCCB25CA6BBE0030D3DD /* MainCardWithoutImageView.swift */,
				DE002B6025CA872400F7921A /* MedicalTabView.swift */,
				DEBFCD7925CACA3A00DA2D8C /* ScheduleView.swift */,
			);
			path = View;
			sourceTree = "<group>";
		};
		DEBE353C25CA572C0095ED12 /* Model */ = {
			isa = PBXGroup;
			children = (
				DEBE353D25CA573C0095ED12 /* Tab.swift */,
				DEBE354225CA58E10095ED12 /* Card.swift */,
			);
			path = Model;
			sourceTree = "<group>";
		};
/* End PBXGroup section */

/* Begin PBXNativeTarget section */
		DE8640C025CA35BD00334DDF /* TestSwiftUI */ = {
			isa = PBXNativeTarget;
			buildConfigurationList = DE8640E625CA35BE00334DDF /* Build configuration list for PBXNativeTarget "TestSwiftUI" */;
			buildPhases = (
				DE8640BD25CA35BD00334DDF /* Sources */,
				DE8640BE25CA35BD00334DDF /* Frameworks */,
				DE8640BF25CA35BD00334DDF /* Resources */,
			);
			buildRules = (
			);
			dependencies = (
			);
			name = TestSwiftUI;
			productName = TestSwiftUI;
			productReference = DE8640C125CA35BD00334DDF /* TestSwiftUI.app */;
			productType = "com.apple.product-type.application";
		};
		DE8640D125CA35BE00334DDF /* TestSwiftUITests */ = {
			isa = PBXNativeTarget;
			buildConfigurationList = DE8640E925CA35BE00334DDF /* Build configuration list for PBXNativeTarget "TestSwiftUITests" */;
			buildPhases = (
				DE8640CE25CA35BE00334DDF /* Sources */,
				DE8640CF25CA35BE00334DDF /* Frameworks */,
				DE8640D025CA35BE00334DDF /* Resources */,
			);
			buildRules = (
			);
			dependencies = (
				DE8640D425CA35BE00334DDF /* PBXTargetDependency */,
			);
			name = TestSwiftUITests;
			productName = TestSwiftUITests;
			productReference = DE8640D225CA35BE00334DDF /* TestSwiftUITests.xctest */;
			productType = "com.apple.product-type.bundle.unit-test";
		};
		DE8640DC25CA35BE00334DDF /* TestSwiftUIUITests */ = {
			isa = PBXNativeTarget;
			buildConfigurationList = DE8640EC25CA35BE00334DDF /* Build configuration list for PBXNativeTarget "TestSwiftUIUITests" */;
			buildPhases = (
				DE8640D925CA35BE00334DDF /* Sources */,
				DE8640DA25CA35BE00334DDF /* Frameworks */,
				DE8640DB25CA35BE00334DDF /* Resources */,
			);
			buildRules = (
			);
			dependencies = (
				DE8640DF25CA35BE00334DDF /* PBXTargetDependency */,
			);
			name = TestSwiftUIUITests;
			productName = TestSwiftUIUITests;
			productReference = DE8640DD25CA35BE00334DDF /* TestSwiftUIUITests.xctest */;
			productType = "com.apple.product-type.bundle.ui-testing";
		};
/* End PBXNativeTarget section */

/* Begin PBXProject section */
		DE8640B925CA35BD00334DDF /* Project object */ = {
			isa = PBXProject;
			attributes = {
				LastSwiftUpdateCheck = 1240;
				LastUpgradeCheck = 1240;
				ORGANIZATIONNAME = "Thomas Woodfin";
				TargetAttributes = {
					DE8640C025CA35BD00334DDF = {
						CreatedOnToolsVersion = 12.4;
					};
					DE8640D125CA35BE00334DDF = {
						CreatedOnToolsVersion = 12.4;
						TestTargetID = DE8640C025CA35BD00334DDF;
					};
					DE8640DC25CA35BE00334DDF = {
						CreatedOnToolsVersion = 12.4;
						TestTargetID = DE8640C025CA35BD00334DDF;
					};
				};
			};
			buildConfigurationList = DE8640BC25CA35BD00334DDF /* Build configuration list for PBXProject "TestSwiftUI" */;
			compatibilityVersion = "Xcode 9.3";
			developmentRegion = en;
			hasScannedForEncodings = 0;
			knownRegions = (
				en,
				Base,
			);
			mainGroup = DE8640B825CA35BD00334DDF;
			productRefGroup = DE8640C225CA35BD00334DDF /* Products */;
			projectDirPath = "";
			projectRoot = "";
			targets = (
				DE8640C025CA35BD00334DDF /* TestSwiftUI */,
				DE8640D125CA35BE00334DDF /* TestSwiftUITests */,
				DE8640DC25CA35BE00334DDF /* TestSwiftUIUITests */,
			);
		};
/* End PBXProject section */

/* Begin PBXResourcesBuildPhase section */
		DE8640BF25CA35BD00334DDF /* Resources */ = {
			isa = PBXResourcesBuildPhase;
			buildActionMask = 2147483647;
			files = (
				DE8640CC25CA35BD00334DDF /* Preview Assets.xcassets in Resources */,
				DE8640C925CA35BD00334DDF /* Assets.xcassets in Resources */,
			);
			runOnlyForDeploymentPostprocessing = 0;
		};
		DE8640D025CA35BE00334DDF /* Resources */ = {
			isa = PBXResourcesBuildPhase;
			buildActionMask = 2147483647;
			files = (
			);
			runOnlyForDeploymentPostprocessing = 0;
		};
		DE8640DB25CA35BE00334DDF /* Resources */ = {
			isa = PBXResourcesBuildPhase;
			buildActionMask = 2147483647;
			files = (
			);
			runOnlyForDeploymentPostprocessing = 0;
		};
/* End PBXResourcesBuildPhase section */

/* Begin PBXSourcesBuildPhase section */
		DE8640BD25CA35BD00334DDF /* Sources */ = {
			isa = PBXSourcesBuildPhase;
			buildActionMask = 2147483647;
			files = (
				DE8640C525CA35BD00334DDF /* TestSwiftUIApp.swift in Sources */,
				DEBCC37B25CA74B500691BCD /* DetailView.swift in Sources */,
				DEBE354325CA58E10095ED12 /* Card.swift in Sources */,
				DE8640F725CA35DA00334DDF /* MainView.swift in Sources */,
				DE8EDCCC25CA6BBE0030D3DD /* MainCardWithoutImageView.swift in Sources */,
				DEBFCD7A25CACA3A00DA2D8C /* ScheduleView.swift in Sources */,
				DE002B6125CA872400F7921A /* MedicalTabView.swift in Sources */,
				DEBE353E25CA573C0095ED12 /* Tab.swift in Sources */,
				DE8640FF25CA35F100334DDF /* HeaderMainView.swift in Sources */,
				DE86411325CA48B800334DDF /* MainCardView.swift in Sources */,
			);
			runOnlyForDeploymentPostprocessing = 0;
		};
		DE8640CE25CA35BE00334DDF /* Sources */ = {
			isa = PBXSourcesBuildPhase;
			buildActionMask = 2147483647;
			files = (
				DE8640D725CA35BE00334DDF /* TestSwiftUITests.swift in Sources */,
			);
			runOnlyForDeploymentPostprocessing = 0;
		};
		DE8640D925CA35BE00334DDF /* Sources */ = {
			isa = PBXSourcesBuildPhase;
			buildActionMask = 2147483647;
			files = (
				DE8640E225CA35BE00334DDF /* TestSwiftUIUITests.swift in Sources */,
			);
			runOnlyForDeploymentPostprocessing = 0;
		};
/* End PBXSourcesBuildPhase section */

/* Begin PBXTargetDependency section */
		DE8640D425CA35BE00334DDF /* PBXTargetDependency */ = {
			isa = PBXTargetDependency;
			target = DE8640C025CA35BD00334DDF /* TestSwiftUI */;
			targetProxy = DE8640D325CA35BE00334DDF /* PBXContainerItemProxy */;
		};
		DE8640DF25CA35BE00334DDF /* PBXTargetDependency */ = {
			isa = PBXTargetDependency;
			target = DE8640C025CA35BD00334DDF /* TestSwiftUI */;
			targetProxy = DE8640DE25CA35BE00334DDF /* PBXContainerItemProxy */;
		};
/* End PBXTargetDependency section */

/* Begin XCBuildConfiguration section */
		DE8640E425CA35BE00334DDF /* Debug */ = {
			isa = XCBuildConfiguration;
			buildSettings = {
				ALWAYS_SEARCH_USER_PATHS = NO;
				CLANG_ANALYZER_NONNULL = YES;
				CLANG_ANALYZER_NUMBER_OBJECT_CONVERSION = YES_AGGRESSIVE;
				CLANG_CXX_LANGUAGE_STANDARD = "gnu++14";
				CLANG_CXX_LIBRARY = "libc++";
				CLANG_ENABLE_MODULES = YES;
				CLANG_ENABLE_OBJC_ARC = YES;
				CLANG_ENABLE_OBJC_WEAK = YES;
				CLANG_WARN_BLOCK_CAPTURE_AUTORELEASING = YES;
				CLANG_WARN_BOOL_CONVERSION = YES;
				CLANG_WARN_COMMA = YES;
				CLANG_WARN_CONSTANT_CONVERSION = YES;
				CLANG_WARN_DEPRECATED_OBJC_IMPLEMENTATIONS = YES;
				CLANG_WARN_DIRECT_OBJC_ISA_USAGE = YES_ERROR;
				CLANG_WARN_DOCUMENTATION_COMMENTS = YES;
				CLANG_WARN_EMPTY_BODY = YES;
				CLANG_WARN_ENUM_CONVERSION = YES;
				CLANG_WARN_INFINITE_RECURSION = YES;
				CLANG_WARN_INT_CONVERSION = YES;
				CLANG_WARN_NON_LITERAL_NULL_CONVERSION = YES;
				CLANG_WARN_OBJC_IMPLICIT_RETAIN_SELF = YES;
				CLANG_WARN_OBJC_LITERAL_CONVERSION = YES;
				CLANG_WARN_OBJC_ROOT_CLASS = YES_ERROR;
				CLANG_WARN_QUOTED_INCLUDE_IN_FRAMEWORK_HEADER = YES;
				CLANG_WARN_RANGE_LOOP_ANALYSIS = YES;
				CLANG_WARN_STRICT_PROTOTYPES = YES;
				CLANG_WARN_SUSPICIOUS_MOVE = YES;
				CLANG_WARN_UNGUARDED_AVAILABILITY = YES_AGGRESSIVE;
				CLANG_WARN_UNREACHABLE_CODE = YES;
				CLANG_WARN__DUPLICATE_METHOD_MATCH = YES;
				COPY_PHASE_STRIP = NO;
				DEBUG_INFORMATION_FORMAT = dwarf;
				ENABLE_STRICT_OBJC_MSGSEND = YES;
				ENABLE_TESTABILITY = YES;
				GCC_C_LANGUAGE_STANDARD = gnu11;
				GCC_DYNAMIC_NO_PIC = NO;
				GCC_NO_COMMON_BLOCKS = YES;
				GCC_OPTIMIZATION_LEVEL = 0;
				GCC_PREPROCESSOR_DEFINITIONS = (
					"DEBUG=1",
					"$(inherited)",
				);
				GCC_WARN_64_TO_32_BIT_CONVERSION = YES;
				GCC_WARN_ABOUT_RETURN_TYPE = YES_ERROR;
				GCC_WARN_UNDECLARED_SELECTOR = YES;
				GCC_WARN_UNINITIALIZED_AUTOS = YES_AGGRESSIVE;
				GCC_WARN_UNUSED_FUNCTION = YES;
				GCC_WARN_UNUSED_VARIABLE = YES;
				IPHONEOS_DEPLOYMENT_TARGET = 14.4;
				MTL_ENABLE_DEBUG_INFO = INCLUDE_SOURCE;
				MTL_FAST_MATH = YES;
				ONLY_ACTIVE_ARCH = YES;
				SDKROOT = iphoneos;
				SWIFT_ACTIVE_COMPILATION_CONDITIONS = DEBUG;
				SWIFT_OPTIMIZATION_LEVEL = "-Onone";
			};
			name = Debug;
		};
		DE8640E525CA35BE00334DDF /* Release */ = {
			isa = XCBuildConfiguration;
			buildSettings = {
				ALWAYS_SEARCH_USER_PATHS = NO;
				CLANG_ANALYZER_NONNULL = YES;
				CLANG_ANALYZER_NUMBER_OBJECT_CONVERSION = YES_AGGRESSIVE;
				CLANG_CXX_LANGUAGE_STANDARD = "gnu++14";
				CLANG_CXX_LIBRARY = "libc++";
				CLANG_ENABLE_MODULES = YES;
				CLANG_ENABLE_OBJC_ARC = YES;
				CLANG_ENABLE_OBJC_WEAK = YES;
				CLANG_WARN_BLOCK_CAPTURE_AUTORELEASING = YES;
				CLANG_WARN_BOOL_CONVERSION = YES;
				CLANG_WARN_COMMA = YES;
				CLANG_WARN_CONSTANT_CONVERSION = YES;
				CLANG_WARN_DEPRECATED_OBJC_IMPLEMENTATIONS = YES;
				CLANG_WARN_DIRECT_OBJC_ISA_USAGE = YES_ERROR;
				CLANG_WARN_DOCUMENTATION_COMMENTS = YES;
				CLANG_WARN_EMPTY_BODY = YES;
				CLANG_WARN_ENUM_CONVERSION = YES;
				CLANG_WARN_INFINITE_RECURSION = YES;
				CLANG_WARN_INT_CONVERSION = YES;
				CLANG_WARN_NON_LITERAL_NULL_CONVERSION = YES;
				CLANG_WARN_OBJC_IMPLICIT_RETAIN_SELF = YES;
				CLANG_WARN_OBJC_LITERAL_CONVERSION = YES;
				CLANG_WARN_OBJC_ROOT_CLASS = YES_ERROR;
				CLANG_WARN_QUOTED_INCLUDE_IN_FRAMEWORK_HEADER = YES;
				CLANG_WARN_RANGE_LOOP_ANALYSIS = YES;
				CLANG_WARN_STRICT_PROTOTYPES = YES;
				CLANG_WARN_SUSPICIOUS_MOVE = YES;
				CLANG_WARN_UNGUARDED_AVAILABILITY = YES_AGGRESSIVE;
				CLANG_WARN_UNREACHABLE_CODE = YES;
				CLANG_WARN__DUPLICATE_METHOD_MATCH = YES;
				COPY_PHASE_STRIP = NO;
				DEBUG_INFORMATION_FORMAT = "dwarf-with-dsym";
				ENABLE_NS_ASSERTIONS = NO;
				ENABLE_STRICT_OBJC_MSGSEND = YES;
				GCC_C_LANGUAGE_STANDARD = gnu11;
				GCC_NO_COMMON_BLOCKS = YES;
				GCC_WARN_64_TO_32_BIT_CONVERSION = YES;
				GCC_WARN_ABOUT_RETURN_TYPE = YES_ERROR;
				GCC_WARN_UNDECLARED_SELECTOR = YES;
				GCC_WARN_UNINITIALIZED_AUTOS = YES_AGGRESSIVE;
				GCC_WARN_UNUSED_FUNCTION = YES;
				GCC_WARN_UNUSED_VARIABLE = YES;
				IPHONEOS_DEPLOYMENT_TARGET = 14.4;
				MTL_ENABLE_DEBUG_INFO = NO;
				MTL_FAST_MATH = YES;
				SDKROOT = iphoneos;
				SWIFT_COMPILATION_MODE = wholemodule;
				SWIFT_OPTIMIZATION_LEVEL = "-O";
				VALIDATE_PRODUCT = YES;
			};
			name = Release;
		};
		DE8640E725CA35BE00334DDF /* Debug */ = {
			isa = XCBuildConfiguration;
			buildSettings = {
				ASSETCATALOG_COMPILER_APPICON_NAME = AppIcon;
				ASSETCATALOG_COMPILER_GLOBAL_ACCENT_COLOR_NAME = AccentColor;
				CODE_SIGN_STYLE = Automatic;
				DEVELOPMENT_ASSET_PATHS = "\"TestSwiftUI/Preview Content\"";
				DEVELOPMENT_TEAM = 6T32YU9C2P;
				ENABLE_PREVIEWS = YES;
				INFOPLIST_FILE = TestSwiftUI/Info.plist;
				IPHONEOS_DEPLOYMENT_TARGET = 14.0;
				LD_RUNPATH_SEARCH_PATHS = (
					"$(inherited)",
					"@executable_path/Frameworks",
				);
				PRODUCT_BUNDLE_IDENTIFIER = com.tbl.thomaswoodfin.TestSwiftUI;
				PRODUCT_NAME = "$(TARGET_NAME)";
				SWIFT_VERSION = 5.0;
				TARGETED_DEVICE_FAMILY = "1,2";
			};
			name = Debug;
		};
		DE8640E825CA35BE00334DDF /* Release */ = {
			isa = XCBuildConfiguration;
			buildSettings = {
				ASSETCATALOG_COMPILER_APPICON_NAME = AppIcon;
				ASSETCATALOG_COMPILER_GLOBAL_ACCENT_COLOR_NAME = AccentColor;
				CODE_SIGN_STYLE = Automatic;
				DEVELOPMENT_ASSET_PATHS = "\"TestSwiftUI/Preview Content\"";
				DEVELOPMENT_TEAM = 6T32YU9C2P;
				ENABLE_PREVIEWS = YES;
				INFOPLIST_FILE = TestSwiftUI/Info.plist;
				IPHONEOS_DEPLOYMENT_TARGET = 14.0;
				LD_RUNPATH_SEARCH_PATHS = (
					"$(inherited)",
					"@executable_path/Frameworks",
				);
				PRODUCT_BUNDLE_IDENTIFIER = com.tbl.thomaswoodfin.TestSwiftUI;
				PRODUCT_NAME = "$(TARGET_NAME)";
				SWIFT_VERSION = 5.0;
				TARGETED_DEVICE_FAMILY = "1,2";
			};
			name = Release;
		};
		DE8640EA25CA35BE00334DDF /* Debug */ = {
			isa = XCBuildConfiguration;
			buildSettings = {
				ALWAYS_EMBED_SWIFT_STANDARD_LIBRARIES = YES;
				BUNDLE_LOADER = "$(TEST_HOST)";
				CODE_SIGN_STYLE = Automatic;
				DEVELOPMENT_TEAM = 6T32YU9C2P;
				INFOPLIST_FILE = TestSwiftUITests/Info.plist;
				IPHONEOS_DEPLOYMENT_TARGET = 14.0;
				LD_RUNPATH_SEARCH_PATHS = (
					"$(inherited)",
					"@executable_path/Frameworks",
					"@loader_path/Frameworks",
				);
				PRODUCT_BUNDLE_IDENTIFIER = com.tbl.thomaswoodfin.TestSwiftUITests;
				PRODUCT_NAME = "$(TARGET_NAME)";
				SWIFT_VERSION = 5.0;
				TARGETED_DEVICE_FAMILY = "1,2";
				TEST_HOST = "$(BUILT_PRODUCTS_DIR)/TestSwiftUI.app/TestSwiftUI";
			};
			name = Debug;
		};
		DE8640EB25CA35BE00334DDF /* Release */ = {
			isa = XCBuildConfiguration;
			buildSettings = {
				ALWAYS_EMBED_SWIFT_STANDARD_LIBRARIES = YES;
				BUNDLE_LOADER = "$(TEST_HOST)";
				CODE_SIGN_STYLE = Automatic;
				DEVELOPMENT_TEAM = 6T32YU9C2P;
				INFOPLIST_FILE = TestSwiftUITests/Info.plist;
				IPHONEOS_DEPLOYMENT_TARGET = 14.0;
				LD_RUNPATH_SEARCH_PATHS = (
					"$(inherited)",
					"@executable_path/Frameworks",
					"@loader_path/Frameworks",
				);
				PRODUCT_BUNDLE_IDENTIFIER = com.tbl.thomaswoodfin.TestSwiftUITests;
				PRODUCT_NAME = "$(TARGET_NAME)";
				SWIFT_VERSION = 5.0;
				TARGETED_DEVICE_FAMILY = "1,2";
				TEST_HOST = "$(BUILT_PRODUCTS_DIR)/TestSwiftUI.app/TestSwiftUI";
			};
			name = Release;
		};
		DE8640ED25CA35BE00334DDF /* Debug */ = {
			isa = XCBuildConfiguration;
			buildSettings = {
				ALWAYS_EMBED_SWIFT_STANDARD_LIBRARIES = YES;
				CODE_SIGN_STYLE = Automatic;
				DEVELOPMENT_TEAM = 6T32YU9C2P;
				INFOPLIST_FILE = TestSwiftUIUITests/Info.plist;
				LD_RUNPATH_SEARCH_PATHS = (
					"$(inherited)",
					"@executable_path/Frameworks",
					"@loader_path/Frameworks",
				);
				PRODUCT_BUNDLE_IDENTIFIER = com.tbl.thomaswoodfin.TestSwiftUIUITests;
				PRODUCT_NAME = "$(TARGET_NAME)";
				SWIFT_VERSION = 5.0;
				TARGETED_DEVICE_FAMILY = "1,2";
				TEST_TARGET_NAME = TestSwiftUI;
			};
			name = Debug;
		};
		DE8640EE25CA35BE00334DDF /* Release */ = {
			isa = XCBuildConfiguration;
			buildSettings = {
				ALWAYS_EMBED_SWIFT_STANDARD_LIBRARIES = YES;
				CODE_SIGN_STYLE = Automatic;
				DEVELOPMENT_TEAM = 6T32YU9C2P;
				INFOPLIST_FILE = TestSwiftUIUITests/Info.plist;
				LD_RUNPATH_SEARCH_PATHS = (
					"$(inherited)",
					"@executable_path/Frameworks",
					"@loader_path/Frameworks",
				);
				PRODUCT_BUNDLE_IDENTIFIER = com.tbl.thomaswoodfin.TestSwiftUIUITests;
				PRODUCT_NAME = "$(TARGET_NAME)";
				SWIFT_VERSION = 5.0;
				TARGETED_DEVICE_FAMILY = "1,2";
				TEST_TARGET_NAME = TestSwiftUI;
			};
			name = Release;
		};
/* End XCBuildConfiguration section */

/* Begin XCConfigurationList section */
		DE8640BC25CA35BD00334DDF /* Build configuration list for PBXProject "TestSwiftUI" */ = {
			isa = XCConfigurationList;
			buildConfigurations = (
				DE8640E425CA35BE00334DDF /* Debug */,
				DE8640E525CA35BE00334DDF /* Release */,
			);
			defaultConfigurationIsVisible = 0;
			defaultConfigurationName = Release;
		};
		DE8640E625CA35BE00334DDF /* Build configuration list for PBXNativeTarget "TestSwiftUI" */ = {
			isa = XCConfigurationList;
			buildConfigurations = (
				DE8640E725CA35BE00334DDF /* Debug */,
				DE8640E825CA35BE00334DDF /* Release */,
			);
			defaultConfigurationIsVisible = 0;
			defaultConfigurationName = Release;
		};
		DE8640E925CA35BE00334DDF /* Build configuration list for PBXNativeTarget "TestSwiftUITests" */ = {
			isa = XCConfigurationList;
			buildConfigurations = (
				DE8640EA25CA35BE00334DDF /* Debug */,
				DE8640EB25CA35BE00334DDF /* Release */,
			);
			defaultConfigurationIsVisible = 0;
			defaultConfigurationName = Release;
		};
		DE8640EC25CA35BE00334DDF /* Build configuration list for PBXNativeTarget "TestSwiftUIUITests" */ = {
			isa = XCConfigurationList;
			buildConfigurations = (
				DE8640ED25CA35BE00334DDF /* Debug */,
				DE8640EE25CA35BE00334DDF /* Release */,
			);
			defaultConfigurationIsVisible = 0;
			defaultConfigurationName = Release;
		};
/* End XCConfigurationList section */
	};
	rootObject = DE8640B925CA35BD00334DDF /* Project object */;
}
